// !$*UTF8*$!
{
	archiveVersion = 1;
	classes = {
	};
	objectVersion = 56;
	objects = {

/* Begin PBXBuildFile section */
		55075CB02C41A2C3002BDEFA /* ContactsUseCase.swift in Sources */ = {isa = PBXBuildFile; fileRef = 55075CAF2C41A2C3002BDEFA /* ContactsUseCase.swift */; };
		55075CB32C41A518002BDEFA /* ContactsRepository.swift in Sources */ = {isa = PBXBuildFile; fileRef = 55075CB22C41A518002BDEFA /* ContactsRepository.swift */; };
		552C9F052C404EE6001B90EA /* ContactEntity.swift in Sources */ = {isa = PBXBuildFile; fileRef = 552C9F042C404EE6001B90EA /* ContactEntity.swift */; };
		557E08202C4292AC00490D57 /* AddContactViewModel.swift in Sources */ = {isa = PBXBuildFile; fileRef = 557E081F2C4292AC00490D57 /* AddContactViewModel.swift */; };
		557E08222C4294F800490D57 /* ContactModel.swift in Sources */ = {isa = PBXBuildFile; fileRef = 557E08212C4294F800490D57 /* ContactModel.swift */; };
		5580A0042C4ACD09002D9FA8 /* extensions.swift in Sources */ = {isa = PBXBuildFile; fileRef = 5580A0032C4ACD09002D9FA8 /* extensions.swift */; };
		5580A0062C4ACEDE002D9FA8 /* DetailViewModel.swift in Sources */ = {isa = PBXBuildFile; fileRef = 5580A0052C4ACEDE002D9FA8 /* DetailViewModel.swift */; };
		55856F132C41445100FECD1F /* DetailScreen.swift in Sources */ = {isa = PBXBuildFile; fileRef = 55856F122C41445100FECD1F /* DetailScreen.swift */; };
		55856F152C41460900FECD1F /* AddContactScreen.swift in Sources */ = {isa = PBXBuildFile; fileRef = 55856F142C41460900FECD1F /* AddContactScreen.swift */; };
		55856F182C41519A00FECD1F /* SearchBar.swift in Sources */ = {isa = PBXBuildFile; fileRef = 55856F172C41519A00FECD1F /* SearchBar.swift */; };
		55856F1C2C4156B600FECD1F /* ContactsViewModel.swift in Sources */ = {isa = PBXBuildFile; fileRef = 55856F1B2C4156B600FECD1F /* ContactsViewModel.swift */; };
		55A2A26B2C4075E3008ADEE7 /* CoreData.swift in Sources */ = {isa = PBXBuildFile; fileRef = 55A2A26A2C4075E3008ADEE7 /* CoreData.swift */; };
		55ACE1372C3BF28D00317501 /* Sprint4App.swift in Sources */ = {isa = PBXBuildFile; fileRef = 55ACE1362C3BF28D00317501 /* Sprint4App.swift */; };
		55ACE1392C3BF28D00317501 /* ContactsScreen.swift in Sources */ = {isa = PBXBuildFile; fileRef = 55ACE1382C3BF28D00317501 /* ContactsScreen.swift */; };
		55ACE13B2C3BF28E00317501 /* Assets.xcassets in Resources */ = {isa = PBXBuildFile; fileRef = 55ACE13A2C3BF28E00317501 /* Assets.xcassets */; };
		55ACE13E2C3BF28E00317501 /* Preview Assets.xcassets in Resources */ = {isa = PBXBuildFile; fileRef = 55ACE13D2C3BF28E00317501 /* Preview Assets.xcassets */; };
		55ACE1432C3BF28E00317501 /* Sprint4.xcdatamodeld in Sources */ = {isa = PBXBuildFile; fileRef = 55ACE1412C3BF28E00317501 /* Sprint4.xcdatamodeld */; };
		55F0AE042C4BD1160008AD05 /* MapView.swift in Sources */ = {isa = PBXBuildFile; fileRef = 55F0AE032C4BD1160008AD05 /* MapView.swift */; };
/* End PBXBuildFile section */

/* Begin PBXFileReference section */
		55075CAF2C41A2C3002BDEFA /* ContactsUseCase.swift */ = {isa = PBXFileReference; lastKnownFileType = sourcecode.swift; path = ContactsUseCase.swift; sourceTree = "<group>"; };
		55075CB22C41A518002BDEFA /* ContactsRepository.swift */ = {isa = PBXFileReference; lastKnownFileType = sourcecode.swift; path = ContactsRepository.swift; sourceTree = "<group>"; };
		552C9F042C404EE6001B90EA /* ContactEntity.swift */ = {isa = PBXFileReference; lastKnownFileType = sourcecode.swift; path = ContactEntity.swift; sourceTree = "<group>"; };
		557E081F2C4292AC00490D57 /* AddContactViewModel.swift */ = {isa = PBXFileReference; lastKnownFileType = sourcecode.swift; path = AddContactViewModel.swift; sourceTree = "<group>"; };
		557E08212C4294F800490D57 /* ContactModel.swift */ = {isa = PBXFileReference; lastKnownFileType = sourcecode.swift; path = ContactModel.swift; sourceTree = "<group>"; };
		5580A0032C4ACD09002D9FA8 /* extensions.swift */ = {isa = PBXFileReference; lastKnownFileType = sourcecode.swift; path = extensions.swift; sourceTree = "<group>"; };
		5580A0052C4ACEDE002D9FA8 /* DetailViewModel.swift */ = {isa = PBXFileReference; lastKnownFileType = sourcecode.swift; path = DetailViewModel.swift; sourceTree = "<group>"; };
		55856F122C41445100FECD1F /* DetailScreen.swift */ = {isa = PBXFileReference; lastKnownFileType = sourcecode.swift; path = DetailScreen.swift; sourceTree = "<group>"; };
		55856F142C41460900FECD1F /* AddContactScreen.swift */ = {isa = PBXFileReference; lastKnownFileType = sourcecode.swift; path = AddContactScreen.swift; sourceTree = "<group>"; };
		55856F172C41519A00FECD1F /* SearchBar.swift */ = {isa = PBXFileReference; lastKnownFileType = sourcecode.swift; path = SearchBar.swift; sourceTree = "<group>"; };
		55856F1B2C4156B600FECD1F /* ContactsViewModel.swift */ = {isa = PBXFileReference; lastKnownFileType = sourcecode.swift; path = ContactsViewModel.swift; sourceTree = "<group>"; };
		55A2A26A2C4075E3008ADEE7 /* CoreData.swift */ = {isa = PBXFileReference; lastKnownFileType = sourcecode.swift; path = CoreData.swift; sourceTree = "<group>"; };
		55ACE1332C3BF28D00317501 /* Sprint4.app */ = {isa = PBXFileReference; explicitFileType = wrapper.application; includeInIndex = 0; path = Sprint4.app; sourceTree = BUILT_PRODUCTS_DIR; };
		55ACE1362C3BF28D00317501 /* Sprint4App.swift */ = {isa = PBXFileReference; lastKnownFileType = sourcecode.swift; path = Sprint4App.swift; sourceTree = "<group>"; };
		55ACE1382C3BF28D00317501 /* ContactsScreen.swift */ = {isa = PBXFileReference; lastKnownFileType = sourcecode.swift; path = ContactsScreen.swift; sourceTree = "<group>"; };
		55ACE13A2C3BF28E00317501 /* Assets.xcassets */ = {isa = PBXFileReference; lastKnownFileType = folder.assetcatalog; path = Assets.xcassets; sourceTree = "<group>"; };
		55ACE13D2C3BF28E00317501 /* Preview Assets.xcassets */ = {isa = PBXFileReference; lastKnownFileType = folder.assetcatalog; path = "Preview Assets.xcassets"; sourceTree = "<group>"; };
		55ACE1422C3BF28E00317501 /* Sprint4.xcdatamodel */ = {isa = PBXFileReference; lastKnownFileType = wrapper.xcdatamodel; path = Sprint4.xcdatamodel; sourceTree = "<group>"; };
		55F0AE032C4BD1160008AD05 /* MapView.swift */ = {isa = PBXFileReference; lastKnownFileType = sourcecode.swift; path = MapView.swift; sourceTree = "<group>"; };
/* End PBXFileReference section */

/* Begin PBXFrameworksBuildPhase section */
		55ACE1302C3BF28D00317501 /* Frameworks */ = {
			isa = PBXFrameworksBuildPhase;
			buildActionMask = 2147483647;
			files = (
			);
			runOnlyForDeploymentPostprocessing = 0;
		};
/* End PBXFrameworksBuildPhase section */

/* Begin PBXGroup section */
		55075CB12C41A2C7002BDEFA /* UseCases */ = {
			isa = PBXGroup;
			children = (
				55075CAF2C41A2C3002BDEFA /* ContactsUseCase.swift */,
			);
			path = UseCases;
			sourceTree = "<group>";
		};
		552C9F002C404E74001B90EA /* Domain */ = {
			isa = PBXGroup;
			children = (
				557E08232C42950100490D57 /* Models */,
				55075CB12C41A2C7002BDEFA /* UseCases */,
			);
			path = Domain;
			sourceTree = "<group>";
		};
		552C9F012C404E7D001B90EA /* Data */ = {
			isa = PBXGroup;
			children = (
				557E08252C42995F00490D57 /* CoreData */,
				557E08242C42993800490D57 /* Entities */,
			);
			path = Data;
			sourceTree = "<group>";
		};
		552C9F022C404E83001B90EA /* UI */ = {
			isa = PBXGroup;
			children = (
				5580A0022C4ACCFA002D9FA8 /* extensions */,
				55856F162C41518B00FECD1F /* Components */,
				55856F1A2C4155EA00FECD1F /* AddContact */,
				55856F192C4155D600FECD1F /* Detail */,
				552C9F032C404EC0001B90EA /* Contacts */,
			);
			path = UI;
			sourceTree = "<group>";
		};
		552C9F032C404EC0001B90EA /* Contacts */ = {
			isa = PBXGroup;
			children = (
				55ACE1382C3BF28D00317501 /* ContactsScreen.swift */,
				55856F1B2C4156B600FECD1F /* ContactsViewModel.swift */,
			);
			path = Contacts;
			sourceTree = "<group>";
		};
		557E08232C42950100490D57 /* Models */ = {
			isa = PBXGroup;
			children = (
				557E08212C4294F800490D57 /* ContactModel.swift */,
			);
			path = Models;
			sourceTree = "<group>";
		};
		557E08242C42993800490D57 /* Entities */ = {
			isa = PBXGroup;
			children = (
				552C9F042C404EE6001B90EA /* ContactEntity.swift */,
			);
			path = Entities;
			sourceTree = "<group>";
		};
		557E08252C42995F00490D57 /* CoreData */ = {
			isa = PBXGroup;
			children = (
				55A2A26A2C4075E3008ADEE7 /* CoreData.swift */,
				55075CB22C41A518002BDEFA /* ContactsRepository.swift */,
			);
			path = CoreData;
			sourceTree = "<group>";
		};
		5580A0022C4ACCFA002D9FA8 /* extensions */ = {
			isa = PBXGroup;
			children = (
				5580A0032C4ACD09002D9FA8 /* extensions.swift */,
			);
			path = extensions;
			sourceTree = "<group>";
		};
		55856F162C41518B00FECD1F /* Components */ = {
			isa = PBXGroup;
			children = (
				55856F172C41519A00FECD1F /* SearchBar.swift */,
			);
			path = Components;
			sourceTree = "<group>";
		};
		55856F192C4155D600FECD1F /* Detail */ = {
			isa = PBXGroup;
			children = (
				55856F122C41445100FECD1F /* DetailScreen.swift */,
				5580A0052C4ACEDE002D9FA8 /* DetailViewModel.swift */,
				55F0AE032C4BD1160008AD05 /* MapView.swift */,
			);
			path = Detail;
			sourceTree = "<group>";
		};
		55856F1A2C4155EA00FECD1F /* AddContact */ = {
			isa = PBXGroup;
			children = (
				55856F142C41460900FECD1F /* AddContactScreen.swift */,
				557E081F2C4292AC00490D57 /* AddContactViewModel.swift */,
			);
			path = AddContact;
			sourceTree = "<group>";
		};
		55ACE12A2C3BF28D00317501 = {
			isa = PBXGroup;
			children = (
				55ACE1352C3BF28D00317501 /* Sprint4 */,
				55ACE1342C3BF28D00317501 /* Products */,
			);
			sourceTree = "<group>";
		};
		55ACE1342C3BF28D00317501 /* Products */ = {
			isa = PBXGroup;
			children = (
				55ACE1332C3BF28D00317501 /* Sprint4.app */,
			);
			name = Products;
			sourceTree = "<group>";
		};
		55ACE1352C3BF28D00317501 /* Sprint4 */ = {
			isa = PBXGroup;
			children = (
				552C9F012C404E7D001B90EA /* Data */,
				552C9F002C404E74001B90EA /* Domain */,
				552C9F022C404E83001B90EA /* UI */,
				55ACE1362C3BF28D00317501 /* Sprint4App.swift */,
				55ACE13A2C3BF28E00317501 /* Assets.xcassets */,
				55ACE1412C3BF28E00317501 /* Sprint4.xcdatamodeld */,
				55ACE13C2C3BF28E00317501 /* Preview Content */,
			);
			path = Sprint4;
			sourceTree = "<group>";
		};
		55ACE13C2C3BF28E00317501 /* Preview Content */ = {
			isa = PBXGroup;
			children = (
				55ACE13D2C3BF28E00317501 /* Preview Assets.xcassets */,
			);
			path = "Preview Content";
			sourceTree = "<group>";
		};
/* End PBXGroup section */

/* Begin PBXNativeTarget section */
		55ACE1322C3BF28D00317501 /* Sprint4 */ = {
			isa = PBXNativeTarget;
			buildConfigurationList = 55ACE1462C3BF28E00317501 /* Build configuration list for PBXNativeTarget "Sprint4" */;
			buildPhases = (
				55ACE12F2C3BF28D00317501 /* Sources */,
				55ACE1302C3BF28D00317501 /* Frameworks */,
				55ACE1312C3BF28D00317501 /* Resources */,
			);
			buildRules = (
			);
			dependencies = (
			);
			name = Sprint4;
			productName = Sprint4;
			productReference = 55ACE1332C3BF28D00317501 /* Sprint4.app */;
			productType = "com.apple.product-type.application";
		};
/* End PBXNativeTarget section */

/* Begin PBXProject section */
		55ACE12B2C3BF28D00317501 /* Project object */ = {
			isa = PBXProject;
			attributes = {
				BuildIndependentTargetsInParallel = 1;
				LastSwiftUpdateCheck = 1530;
				LastUpgradeCheck = 1530;
				TargetAttributes = {
					55ACE1322C3BF28D00317501 = {
						CreatedOnToolsVersion = 15.3;
					};
				};
			};
			buildConfigurationList = 55ACE12E2C3BF28D00317501 /* Build configuration list for PBXProject "Sprint4" */;
			compatibilityVersion = "Xcode 14.0";
			developmentRegion = en;
			hasScannedForEncodings = 0;
			knownRegions = (
				en,
				Base,
			);
			mainGroup = 55ACE12A2C3BF28D00317501;
			productRefGroup = 55ACE1342C3BF28D00317501 /* Products */;
			projectDirPath = "";
			projectRoot = "";
			targets = (
				55ACE1322C3BF28D00317501 /* Sprint4 */,
			);
		};
/* End PBXProject section */

/* Begin PBXResourcesBuildPhase section */
		55ACE1312C3BF28D00317501 /* Resources */ = {
			isa = PBXResourcesBuildPhase;
			buildActionMask = 2147483647;
			files = (
				55ACE13E2C3BF28E00317501 /* Preview Assets.xcassets in Resources */,
				55ACE13B2C3BF28E00317501 /* Assets.xcassets in Resources */,
			);
			runOnlyForDeploymentPostprocessing = 0;
		};
/* End PBXResourcesBuildPhase section */

/* Begin PBXSourcesBuildPhase section */
		55ACE12F2C3BF28D00317501 /* Sources */ = {
			isa = PBXSourcesBuildPhase;
			buildActionMask = 2147483647;
			files = (
				55ACE1432C3BF28E00317501 /* Sprint4.xcdatamodeld in Sources */,
				55F0AE042C4BD1160008AD05 /* MapView.swift in Sources */,
				55A2A26B2C4075E3008ADEE7 /* CoreData.swift in Sources */,
				55856F152C41460900FECD1F /* AddContactScreen.swift in Sources */,
				5580A0042C4ACD09002D9FA8 /* extensions.swift in Sources */,
				55856F132C41445100FECD1F /* DetailScreen.swift in Sources */,
				55075CB02C41A2C3002BDEFA /* ContactsUseCase.swift in Sources */,
				557E08222C4294F800490D57 /* ContactModel.swift in Sources */,
				557E08202C4292AC00490D57 /* AddContactViewModel.swift in Sources */,
				55075CB32C41A518002BDEFA /* ContactsRepository.swift in Sources */,
				55ACE1392C3BF28D00317501 /* ContactsScreen.swift in Sources */,
				55856F182C41519A00FECD1F /* SearchBar.swift in Sources */,
				552C9F052C404EE6001B90EA /* ContactEntity.swift in Sources */,
				55856F1C2C4156B600FECD1F /* ContactsViewModel.swift in Sources */,
				5580A0062C4ACEDE002D9FA8 /* DetailViewModel.swift in Sources */,
				55ACE1372C3BF28D00317501 /* Sprint4App.swift in Sources */,
			);
			runOnlyForDeploymentPostprocessing = 0;
		};
/* End PBXSourcesBuildPhase section */

/* Begin XCBuildConfiguration section */
		55ACE1442C3BF28E00317501 /* Debug */ = {
			isa = XCBuildConfiguration;
			buildSettings = {
				ALWAYS_SEARCH_USER_PATHS = NO;
				ASSETCATALOG_COMPILER_GENERATE_SWIFT_ASSET_SYMBOL_EXTENSIONS = YES;
				CLANG_ANALYZER_NONNULL = YES;
				CLANG_ANALYZER_NUMBER_OBJECT_CONVERSION = YES_AGGRESSIVE;
				CLANG_CXX_LANGUAGE_STANDARD = "gnu++20";
				CLANG_ENABLE_MODULES = YES;
				CLANG_ENABLE_OBJC_ARC = YES;
				CLANG_ENABLE_OBJC_WEAK = YES;
				CLANG_WARN_BLOCK_CAPTURE_AUTORELEASING = YES;
				CLANG_WARN_BOOL_CONVERSION = YES;
				CLANG_WARN_COMMA = YES;
				CLANG_WARN_CONSTANT_CONVERSION = YES;
				CLANG_WARN_DEPRECATED_OBJC_IMPLEMENTATIONS = YES;
				CLANG_WARN_DIRECT_OBJC_ISA_USAGE = YES_ERROR;
				CLANG_WARN_DOCUMENTATION_COMMENTS = YES;
				CLANG_WARN_EMPTY_BODY = YES;
				CLANG_WARN_ENUM_CONVERSION = YES;
				CLANG_WARN_INFINITE_RECURSION = YES;
				CLANG_WARN_INT_CONVERSION = YES;
				CLANG_WARN_NON_LITERAL_NULL_CONVERSION = YES;
				CLANG_WARN_OBJC_IMPLICIT_RETAIN_SELF = YES;
				CLANG_WARN_OBJC_LITERAL_CONVERSION = YES;
				CLANG_WARN_OBJC_ROOT_CLASS = YES_ERROR;
				CLANG_WARN_QUOTED_INCLUDE_IN_FRAMEWORK_HEADER = YES;
				CLANG_WARN_RANGE_LOOP_ANALYSIS = YES;
				CLANG_WARN_STRICT_PROTOTYPES = YES;
				CLANG_WARN_SUSPICIOUS_MOVE = YES;
				CLANG_WARN_UNGUARDED_AVAILABILITY = YES_AGGRESSIVE;
				CLANG_WARN_UNREACHABLE_CODE = YES;
				CLANG_WARN__DUPLICATE_METHOD_MATCH = YES;
				COPY_PHASE_STRIP = NO;
				DEBUG_INFORMATION_FORMAT = dwarf;
				ENABLE_STRICT_OBJC_MSGSEND = YES;
				ENABLE_TESTABILITY = YES;
				ENABLE_USER_SCRIPT_SANDBOXING = YES;
				GCC_C_LANGUAGE_STANDARD = gnu17;
				GCC_DYNAMIC_NO_PIC = NO;
				GCC_NO_COMMON_BLOCKS = YES;
				GCC_OPTIMIZATION_LEVEL = 0;
				GCC_PREPROCESSOR_DEFINITIONS = (
					"DEBUG=1",
					"$(inherited)",
				);
				GCC_WARN_64_TO_32_BIT_CONVERSION = YES;
				GCC_WARN_ABOUT_RETURN_TYPE = YES_ERROR;
				GCC_WARN_UNDECLARED_SELECTOR = YES;
				GCC_WARN_UNINITIALIZED_AUTOS = YES_AGGRESSIVE;
				GCC_WARN_UNUSED_FUNCTION = YES;
				GCC_WARN_UNUSED_VARIABLE = YES;
				IPHONEOS_DEPLOYMENT_TARGET = 17.4;
				LOCALIZATION_PREFERS_STRING_CATALOGS = YES;
				MTL_ENABLE_DEBUG_INFO = INCLUDE_SOURCE;
				MTL_FAST_MATH = YES;
				ONLY_ACTIVE_ARCH = YES;
				SDKROOT = iphoneos;
				SWIFT_ACTIVE_COMPILATION_CONDITIONS = "DEBUG $(inherited)";
				SWIFT_OPTIMIZATION_LEVEL = "-Onone";
			};
			name = Debug;
		};
		55ACE1452C3BF28E00317501 /* Release */ = {
			isa = XCBuildConfiguration;
			buildSettings = {
				ALWAYS_SEARCH_USER_PATHS = NO;
				ASSETCATALOG_COMPILER_GENERATE_SWIFT_ASSET_SYMBOL_EXTENSIONS = YES;
				CLANG_ANALYZER_NONNULL = YES;
				CLANG_ANALYZER_NUMBER_OBJECT_CONVERSION = YES_AGGRESSIVE;
				CLANG_CXX_LANGUAGE_STANDARD = "gnu++20";
				CLANG_ENABLE_MODULES = YES;
				CLANG_ENABLE_OBJC_ARC = YES;
				CLANG_ENABLE_OBJC_WEAK = YES;
				CLANG_WARN_BLOCK_CAPTURE_AUTORELEASING = YES;
				CLANG_WARN_BOOL_CONVERSION = YES;
				CLANG_WARN_COMMA = YES;
				CLANG_WARN_CONSTANT_CONVERSION = YES;
				CLANG_WARN_DEPRECATED_OBJC_IMPLEMENTATIONS = YES;
				CLANG_WARN_DIRECT_OBJC_ISA_USAGE = YES_ERROR;
				CLANG_WARN_DOCUMENTATION_COMMENTS = YES;
				CLANG_WARN_EMPTY_BODY = YES;
				CLANG_WARN_ENUM_CONVERSION = YES;
				CLANG_WARN_INFINITE_RECURSION = YES;
				CLANG_WARN_INT_CONVERSION = YES;
				CLANG_WARN_NON_LITERAL_NULL_CONVERSION = YES;
				CLANG_WARN_OBJC_IMPLICIT_RETAIN_SELF = YES;
				CLANG_WARN_OBJC_LITERAL_CONVERSION = YES;
				CLANG_WARN_OBJC_ROOT_CLASS = YES_ERROR;
				CLANG_WARN_QUOTED_INCLUDE_IN_FRAMEWORK_HEADER = YES;
				CLANG_WARN_RANGE_LOOP_ANALYSIS = YES;
				CLANG_WARN_STRICT_PROTOTYPES = YES;
				CLANG_WARN_SUSPICIOUS_MOVE = YES;
				CLANG_WARN_UNGUARDED_AVAILABILITY = YES_AGGRESSIVE;
				CLANG_WARN_UNREACHABLE_CODE = YES;
				CLANG_WARN__DUPLICATE_METHOD_MATCH = YES;
				COPY_PHASE_STRIP = NO;
				DEBUG_INFORMATION_FORMAT = "dwarf-with-dsym";
				ENABLE_NS_ASSERTIONS = NO;
				ENABLE_STRICT_OBJC_MSGSEND = YES;
				ENABLE_USER_SCRIPT_SANDBOXING = YES;
				GCC_C_LANGUAGE_STANDARD = gnu17;
				GCC_NO_COMMON_BLOCKS = YES;
				GCC_WARN_64_TO_32_BIT_CONVERSION = YES;
				GCC_WARN_ABOUT_RETURN_TYPE = YES_ERROR;
				GCC_WARN_UNDECLARED_SELECTOR = YES;
				GCC_WARN_UNINITIALIZED_AUTOS = YES_AGGRESSIVE;
				GCC_WARN_UNUSED_FUNCTION = YES;
				GCC_WARN_UNUSED_VARIABLE = YES;
				IPHONEOS_DEPLOYMENT_TARGET = 17.4;
				LOCALIZATION_PREFERS_STRING_CATALOGS = YES;
				MTL_ENABLE_DEBUG_INFO = NO;
				MTL_FAST_MATH = YES;
				SDKROOT = iphoneos;
				SWIFT_COMPILATION_MODE = wholemodule;
				VALIDATE_PRODUCT = YES;
			};
			name = Release;
		};
		55ACE1472C3BF28E00317501 /* Debug */ = {
			isa = XCBuildConfiguration;
			buildSettings = {
				ASSETCATALOG_COMPILER_APPICON_NAME = AppIcon;
				ASSETCATALOG_COMPILER_GLOBAL_ACCENT_COLOR_NAME = AccentColor;
				CODE_SIGN_STYLE = Automatic;
				CURRENT_PROJECT_VERSION = 1;
				DEVELOPMENT_ASSET_PATHS = "\"Sprint4/Preview Content\"";
				ENABLE_PREVIEWS = YES;
				GENERATE_INFOPLIST_FILE = YES;
				INFOPLIST_KEY_NSLocationWhenInUseUsageDescription = "We need the location to save the location contact";
				INFOPLIST_KEY_UIApplicationSceneManifest_Generation = YES;
				INFOPLIST_KEY_UIApplicationSupportsIndirectInputEvents = YES;
				INFOPLIST_KEY_UILaunchScreen_Generation = YES;
				INFOPLIST_KEY_UISupportedInterfaceOrientations_iPad = "UIInterfaceOrientationPortrait UIInterfaceOrientationPortraitUpsideDown UIInterfaceOrientationLandscapeLeft UIInterfaceOrientationLandscapeRight";
				INFOPLIST_KEY_UISupportedInterfaceOrientations_iPhone = "UIInterfaceOrientationPortrait UIInterfaceOrientationLandscapeLeft UIInterfaceOrientationLandscapeRight";
				LD_RUNPATH_SEARCH_PATHS = (
					"$(inherited)",
					"@executable_path/Frameworks",
				);
				MARKETING_VERSION = 1.0;
				PRODUCT_BUNDLE_IDENTIFIER = com.qualentum.Sprint4;
				PRODUCT_NAME = "$(TARGET_NAME)";
				SWIFT_EMIT_LOC_STRINGS = YES;
				SWIFT_VERSION = 5.0;
				TARGETED_DEVICE_FAMILY = "1,2";
			};
			name = Debug;
		};
		55ACE1482C3BF28E00317501 /* Release */ = {
			isa = XCBuildConfiguration;
			buildSettings = {
				ASSETCATALOG_COMPILER_APPICON_NAME = AppIcon;
				ASSETCATALOG_COMPILER_GLOBAL_ACCENT_COLOR_NAME = AccentColor;
				CODE_SIGN_STYLE = Automatic;
				CURRENT_PROJECT_VERSION = 1;
				DEVELOPMENT_ASSET_PATHS = "\"Sprint4/Preview Content\"";
				ENABLE_PREVIEWS = YES;
				GENERATE_INFOPLIST_FILE = YES;
				INFOPLIST_KEY_NSLocationWhenInUseUsageDescription = "We need the location to save the location contact";
				INFOPLIST_KEY_UIApplicationSceneManifest_Generation = YES;
				INFOPLIST_KEY_UIApplicationSupportsIndirectInputEvents = YES;
				INFOPLIST_KEY_UILaunchScreen_Generation = YES;
				INFOPLIST_KEY_UISupportedInterfaceOrientations_iPad = "UIInterfaceOrientationPortrait UIInterfaceOrientationPortraitUpsideDown UIInterfaceOrientationLandscapeLeft UIInterfaceOrientationLandscapeRight";
				INFOPLIST_KEY_UISupportedInterfaceOrientations_iPhone = "UIInterfaceOrientationPortrait UIInterfaceOrientationLandscapeLeft UIInterfaceOrientationLandscapeRight";
				LD_RUNPATH_SEARCH_PATHS = (
					"$(inherited)",
					"@executable_path/Frameworks",
				);
				MARKETING_VERSION = 1.0;
				PRODUCT_BUNDLE_IDENTIFIER = com.qualentum.Sprint4;
				PRODUCT_NAME = "$(TARGET_NAME)";
				SWIFT_EMIT_LOC_STRINGS = YES;
				SWIFT_VERSION = 5.0;
				TARGETED_DEVICE_FAMILY = "1,2";
			};
			name = Release;
		};
/* End XCBuildConfiguration section */

/* Begin XCConfigurationList section */
		55ACE12E2C3BF28D00317501 /* Build configuration list for PBXProject "Sprint4" */ = {
			isa = XCConfigurationList;
			buildConfigurations = (
				55ACE1442C3BF28E00317501 /* Debug */,
				55ACE1452C3BF28E00317501 /* Release */,
			);
			defaultConfigurationIsVisible = 0;
			defaultConfigurationName = Release;
		};
		55ACE1462C3BF28E00317501 /* Build configuration list for PBXNativeTarget "Sprint4" */ = {
			isa = XCConfigurationList;
			buildConfigurations = (
				55ACE1472C3BF28E00317501 /* Debug */,
				55ACE1482C3BF28E00317501 /* Release */,
			);
			defaultConfigurationIsVisible = 0;
			defaultConfigurationName = Release;
		};
/* End XCConfigurationList section */

/* Begin XCVersionGroup section */
		55ACE1412C3BF28E00317501 /* Sprint4.xcdatamodeld */ = {
			isa = XCVersionGroup;
			children = (
				55ACE1422C3BF28E00317501 /* Sprint4.xcdatamodel */,
			);
			currentVersion = 55ACE1422C3BF28E00317501 /* Sprint4.xcdatamodel */;
			path = Sprint4.xcdatamodeld;
			sourceTree = "<group>";
			versionGroupType = wrapper.xcdatamodel;
		};
/* End XCVersionGroup section */
	};
	rootObject = 55ACE12B2C3BF28D00317501 /* Project object */;
}
